
Microsoft Visual Studio Solution File, Format Version 12.00
# Visual Studio Version 17
VisualStudioVersion = 17.9.34701.34
MinimumVisualStudioVersion = 10.0.40219.1
Project("{54A90642-561A-4BB1-A94E-469ADEE60C69}") = "AprenderTypescript", "AprenderTypescript\AprenderTypescript.esproj", "{13E85DAE-519F-4FFE-A1AE-C7275946E213}"
EndProject
Global
	GlobalSection(SolutionConfigurationPlatforms) = preSolution
		Debug|Any CPU = Debug|Any CPU
		Release|Any CPU = Release|Any CPU
	EndGlobalSection
	GlobalSection(ProjectConfigurationPlatforms) = postSolution
		{13E85DAE-519F-4FFE-A1AE-C7275946E213}.Debug|Any CPU.ActiveCfg = Debug|Any CPU
		{13E85DAE-519F-4FFE-A1AE-C7275946E213}.Debug|Any CPU.Build.0 = Debug|Any CPU
		{13E85DAE-519F-4FFE-A1AE-C7275946E213}.Debug|Any CPU.Deploy.0 = Debug|Any CPU
		{13E85DAE-519F-4FFE-A1AE-C7275946E213}.Release|Any CPU.ActiveCfg = Release|Any CPU
		{13E85DAE-519F-4FFE-A1AE-C7275946E213}.Release|Any CPU.Build.0 = Release|Any CPU
		{13E85DAE-519F-4FFE-A1AE-C7275946E213}.Release|Any CPU.Deploy.0 = Release|Any CPU
	EndGlobalSection
	GlobalSection(SolutionProperties) = preSolution
		HideSolutionNode = FALSE
	EndGlobalSection
	GlobalSection(ExtensibilityGlobals) = postSolution
		SolutionGuid = {23CA1A1A-AF37-43C0-87D3-63E653A21438}
	EndGlobalSection
EndGlobal
